
Microsoft Visual Studio Solution File, Format Version 12.00
# Visual Studio Version 17
VisualStudioVersion = 17.10.34607.79
MinimumVisualStudioVersion = 10.0.40219.1
Project("{FAE04EC0-301F-11D3-BF4B-00C04F79EFBC}") = "AutoSearchBing", "AutoSearchBing\AutoSearchBing.csproj", "{71D9971A-0133-4C6A-B57E-0D47B5C38123}"
EndProject
Global
	GlobalSection(SolutionConfigurationPlatforms) = preSolution
		Debug|Any CPU = Debug|Any CPU
		Release|Any CPU = Release|Any CPU
	EndGlobalSection
	GlobalSection(ProjectConfigurationPlatforms) = postSolution
		{71D9971A-0133-4C6A-B57E-0D47B5C38123}.Debug|Any CPU.ActiveCfg = Debug|Any CPU
		{71D9971A-0133-4C6A-B57E-0D47B5C38123}.Debug|Any CPU.Build.0 = Debug|Any CPU
		{71D9971A-0133-4C6A-B57E-0D47B5C38123}.Release|Any CPU.ActiveCfg = Release|Any CPU
		{71D9971A-0133-4C6A-B57E-0D47B5C38123}.Release|Any CPU.Build.0 = Release|Any CPU
	EndGlobalSection
	GlobalSection(SolutionProperties) = preSolution
		HideSolutionNode = FALSE
	EndGlobalSection
	GlobalSection(ExtensibilityGlobals) = postSolution
		SolutionGuid = {E9990A80-0520-4E37-86F5-80611C38EF0C}
	EndGlobalSection
EndGlobal
